// package-lock.json limpio
{
  "name": "whatsapp-bot-custom",
  "version": "1.0.0",
  "lockfileVersion": 2,
  "requires": true,
  "dependencies": {
    "whatsapp-web.js": {
      "version": "1.18.4"
    },
    "express": {
      "version": "4.18.2"
    },
    "qrcode-terminal": {
      "version": "0.12.0"
    },
    "puppeteer": {
      "version": "24.2.1"
    }
  }
}